// !$*UTF8*$!
{
	archiveVersion = 1;
	classes = {
	};
	objectVersion = 46;
	objects = {

/* Begin PBXBuildFile section */
		B80581F31BD52D7C00252C4B /* libsqlite3.0.tbd in Frameworks */ = {isa = PBXBuildFile; fileRef = B80581F21BD52D7C00252C4B /* libsqlite3.0.tbd */; };
		B8752F011B07FD55001D5D72 /* FMDatabase.m in Sources */ = {isa = PBXBuildFile; fileRef = B8752EFE1B07FD55001D5D72 /* FMDatabase.m */; };
		B8752F021B07FD55001D5D72 /* FMResultSet.m in Sources */ = {isa = PBXBuildFile; fileRef = B8752F001B07FD55001D5D72 /* FMResultSet.m */; };
		B8752F081B094D4F001D5D72 /* geo_icon.png in Resources */ = {isa = PBXBuildFile; fileRef = B8752F071B094D4F001D5D72 /* geo_icon.png */; };
		B8752F0A1B094D89001D5D72 /* setup.png in Resources */ = {isa = PBXBuildFile; fileRef = B8752F091B094D89001D5D72 /* setup.png */; };
		B8752F0C1B094DCD001D5D72 /* list_icon.png in Resources */ = {isa = PBXBuildFile; fileRef = B8752F0B1B094DCD001D5D72 /* list_icon.png */; };
		B878E8111B03F5D8006C804E /* main.m in Sources */ = {isa = PBXBuildFile; fileRef = B878E8101B03F5D8006C804E /* main.m */; };
		B878E8141B03F5D8006C804E /* AppDelegate.m in Sources */ = {isa = PBXBuildFile; fileRef = B878E8131B03F5D8006C804E /* AppDelegate.m */; };
		B878E81A1B03F5D8006C804E /* Main.storyboard in Resources */ = {isa = PBXBuildFile; fileRef = B878E8181B03F5D8006C804E /* Main.storyboard */; };
		B878E81C1B03F5D8006C804E /* Images.xcassets in Resources */ = {isa = PBXBuildFile; fileRef = B878E81B1B03F5D8006C804E /* Images.xcassets */; };
		B878E81F1B03F5D8006C804E /* LaunchScreen.xib in Resources */ = {isa = PBXBuildFile; fileRef = B878E81D1B03F5D8006C804E /* LaunchScreen.xib */; };
		B878E82B1B03F5D8006C804E /* GeoFencingTests.m in Sources */ = {isa = PBXBuildFile; fileRef = B878E82A1B03F5D8006C804E /* GeoFencingTests.m */; };
		B878E8361B03F784006C804E /* setCoordinate.m in Sources */ = {isa = PBXBuildFile; fileRef = B878E8351B03F784006C804E /* setCoordinate.m */; };
		B878E8381B03FD10006C804E /* CoreLocation.framework in Frameworks */ = {isa = PBXBuildFile; fileRef = B878E8371B03FD10006C804E /* CoreLocation.framework */; };
		B878E83B1B040CF6006C804E /* checkCoord.m in Sources */ = {isa = PBXBuildFile; fileRef = B878E83A1B040CF6006C804E /* checkCoord.m */; };
		B878E83D1B041260006C804E /* MapKit.framework in Frameworks */ = {isa = PBXBuildFile; fileRef = B878E83C1B041260006C804E /* MapKit.framework */; };
		B878E8441B04230B006C804E /* QuartzCore.framework in Frameworks */ = {isa = PBXBuildFile; fileRef = B878E8431B04230B006C804E /* QuartzCore.framework */; };
		B878E8491B0529F4006C804E /* redCircle.png in Resources */ = {isa = PBXBuildFile; fileRef = B878E8481B0529F4006C804E /* redCircle.png */; };
		B878E84C1B052A98006C804E /* animatedCircle.m in Sources */ = {isa = PBXBuildFile; fileRef = B878E84B1B052A98006C804E /* animatedCircle.m */; };
		B878E8511B0547C4006C804E /* History.m in Sources */ = {isa = PBXBuildFile; fileRef = B878E8501B0547C4006C804E /* History.m */; };
/* End PBXBuildFile section */

/* Begin PBXContainerItemProxy section */
		B878E8251B03F5D8006C804E /* PBXContainerItemProxy */ = {
			isa = PBXContainerItemProxy;
			containerPortal = B878E8031B03F5D8006C804E /* Project object */;
			proxyType = 1;
			remoteGlobalIDString = B878E80A1B03F5D8006C804E;
			remoteInfo = GeoFencing;
		};
/* End PBXContainerItemProxy section */

/* Begin PBXFileReference section */
		B80581F21BD52D7C00252C4B /* libsqlite3.0.tbd */ = {isa = PBXFileReference; lastKnownFileType = "sourcecode.text-based-dylib-definition"; name = libsqlite3.0.tbd; path = usr/lib/libsqlite3.0.tbd; sourceTree = SDKROOT; };
		B8752EFD1B07FD55001D5D72 /* FMDatabase.h */ = {isa = PBXFileReference; fileEncoding = 4; lastKnownFileType = sourcecode.c.h; path = FMDatabase.h; sourceTree = "<group>"; };
		B8752EFE1B07FD55001D5D72 /* FMDatabase.m */ = {isa = PBXFileReference; fileEncoding = 4; lastKnownFileType = sourcecode.c.objc; path = FMDatabase.m; sourceTree = "<group>"; };
		B8752EFF1B07FD55001D5D72 /* FMResultSet.h */ = {isa = PBXFileReference; fileEncoding = 4; lastKnownFileType = sourcecode.c.h; path = FMResultSet.h; sourceTree = "<group>"; };
		B8752F001B07FD55001D5D72 /* FMResultSet.m */ = {isa = PBXFileReference; fileEncoding = 4; lastKnownFileType = sourcecode.c.objc; path = FMResultSet.m; sourceTree = "<group>"; };
		B8752F071B094D4F001D5D72 /* geo_icon.png */ = {isa = PBXFileReference; lastKnownFileType = image.png; path = geo_icon.png; sourceTree = "<group>"; };
		B8752F091B094D89001D5D72 /* setup.png */ = {isa = PBXFileReference; lastKnownFileType = image.png; path = setup.png; sourceTree = "<group>"; };
		B8752F0B1B094DCD001D5D72 /* list_icon.png */ = {isa = PBXFileReference; lastKnownFileType = image.png; path = list_icon.png; sourceTree = "<group>"; };
		B878E80B1B03F5D8006C804E /* GeoFencing.app */ = {isa = PBXFileReference; explicitFileType = wrapper.application; includeInIndex = 0; path = GeoFencing.app; sourceTree = BUILT_PRODUCTS_DIR; };
		B878E80F1B03F5D8006C804E /* Info.plist */ = {isa = PBXFileReference; lastKnownFileType = text.plist.xml; path = Info.plist; sourceTree = "<group>"; };
		B878E8101B03F5D8006C804E /* main.m */ = {isa = PBXFileReference; lastKnownFileType = sourcecode.c.objc; path = main.m; sourceTree = "<group>"; };
		B878E8121B03F5D8006C804E /* AppDelegate.h */ = {isa = PBXFileReference; lastKnownFileType = sourcecode.c.h; path = AppDelegate.h; sourceTree = "<group>"; };
		B878E8131B03F5D8006C804E /* AppDelegate.m */ = {isa = PBXFileReference; lastKnownFileType = sourcecode.c.objc; path = AppDelegate.m; sourceTree = "<group>"; };
		B878E8191B03F5D8006C804E /* Base */ = {isa = PBXFileReference; lastKnownFileType = file.storyboard; name = Base; path = Base.lproj/Main.storyboard; sourceTree = "<group>"; };
		B878E81B1B03F5D8006C804E /* Images.xcassets */ = {isa = PBXFileReference; lastKnownFileType = folder.assetcatalog; path = Images.xcassets; sourceTree = "<group>"; };
		B878E81E1B03F5D8006C804E /* Base */ = {isa = PBXFileReference; lastKnownFileType = file.xib; name = Base; path = Base.lproj/LaunchScreen.xib; sourceTree = "<group>"; };
		B878E8241B03F5D8006C804E /* GeoFencingTests.xctest */ = {isa = PBXFileReference; explicitFileType = wrapper.cfbundle; includeInIndex = 0; path = GeoFencingTests.xctest; sourceTree = BUILT_PRODUCTS_DIR; };
		B878E8291B03F5D8006C804E /* Info.plist */ = {isa = PBXFileReference; lastKnownFileType = text.plist.xml; path = Info.plist; sourceTree = "<group>"; };
		B878E82A1B03F5D8006C804E /* GeoFencingTests.m */ = {isa = PBXFileReference; lastKnownFileType = sourcecode.c.objc; path = GeoFencingTests.m; sourceTree = "<group>"; };
		B878E8341B03F784006C804E /* setCoordinate.h */ = {isa = PBXFileReference; fileEncoding = 4; lastKnownFileType = sourcecode.c.h; path = setCoordinate.h; sourceTree = "<group>"; };
		B878E8351B03F784006C804E /* setCoordinate.m */ = {isa = PBXFileReference; fileEncoding = 4; lastKnownFileType = sourcecode.c.objc; path = setCoordinate.m; sourceTree = "<group>"; };
		B878E8371B03FD10006C804E /* CoreLocation.framework */ = {isa = PBXFileReference; lastKnownFileType = wrapper.framework; name = CoreLocation.framework; path = System/Library/Frameworks/CoreLocation.framework; sourceTree = SDKROOT; };
		B878E8391B040CF6006C804E /* checkCoord.h */ = {isa = PBXFileReference; fileEncoding = 4; lastKnownFileType = sourcecode.c.h; path = checkCoord.h; sourceTree = "<group>"; };
		B878E83A1B040CF6006C804E /* checkCoord.m */ = {isa = PBXFileReference; fileEncoding = 4; lastKnownFileType = sourcecode.c.objc; path = checkCoord.m; sourceTree = "<group>"; };
		B878E83C1B041260006C804E /* MapKit.framework */ = {isa = PBXFileReference; lastKnownFileType = wrapper.framework; name = MapKit.framework; path = System/Library/Frameworks/MapKit.framework; sourceTree = SDKROOT; };
		B878E8431B04230B006C804E /* QuartzCore.framework */ = {isa = PBXFileReference; lastKnownFileType = wrapper.framework; name = QuartzCore.framework; path = System/Library/Frameworks/QuartzCore.framework; sourceTree = SDKROOT; };
		B878E8481B0529F4006C804E /* redCircle.png */ = {isa = PBXFileReference; lastKnownFileType = image.png; path = redCircle.png; sourceTree = "<group>"; };
		B878E84A1B052A98006C804E /* animatedCircle.h */ = {isa = PBXFileReference; fileEncoding = 4; lastKnownFileType = sourcecode.c.h; path = animatedCircle.h; sourceTree = "<group>"; };
		B878E84B1B052A98006C804E /* animatedCircle.m */ = {isa = PBXFileReference; fileEncoding = 4; lastKnownFileType = sourcecode.c.objc; path = animatedCircle.m; sourceTree = "<group>"; };
		B878E84F1B0547C4006C804E /* History.h */ = {isa = PBXFileReference; fileEncoding = 4; lastKnownFileType = sourcecode.c.h; path = History.h; sourceTree = "<group>"; };
		B878E8501B0547C4006C804E /* History.m */ = {isa = PBXFileReference; fileEncoding = 4; lastKnownFileType = sourcecode.c.objc; path = History.m; sourceTree = "<group>"; };
/* End PBXFileReference section */

/* Begin PBXFrameworksBuildPhase section */
		B878E8081B03F5D8006C804E /* Frameworks */ = {
			isa = PBXFrameworksBuildPhase;
			buildActionMask = 2147483647;
			files = (
				B80581F31BD52D7C00252C4B /* libsqlite3.0.tbd in Frameworks */,
				B878E8441B04230B006C804E /* QuartzCore.framework in Frameworks */,
				B878E83D1B041260006C804E /* MapKit.framework in Frameworks */,
				B878E8381B03FD10006C804E /* CoreLocation.framework in Frameworks */,
			);
			runOnlyForDeploymentPostprocessing = 0;
		};
		B878E8211B03F5D8006C804E /* Frameworks */ = {
			isa = PBXFrameworksBuildPhase;
			buildActionMask = 2147483647;
			files = (
			);
			runOnlyForDeploymentPostprocessing = 0;
		};
/* End PBXFrameworksBuildPhase section */

/* Begin PBXGroup section */
		B8752F031B080C2D001D5D72 /* Tabs */ = {
			isa = PBXGroup;
			children = (
				B878E8341B03F784006C804E /* setCoordinate.h */,
				B878E8351B03F784006C804E /* setCoordinate.m */,
				B878E84F1B0547C4006C804E /* History.h */,
				B878E8501B0547C4006C804E /* History.m */,
				B878E8391B040CF6006C804E /* checkCoord.h */,
				B878E83A1B040CF6006C804E /* checkCoord.m */,
			);
			name = Tabs;
			sourceTree = "<group>";
		};
		B8752F041B080C46001D5D72 /* DB Helper */ = {
			isa = PBXGroup;
			children = (
				B8752EFD1B07FD55001D5D72 /* FMDatabase.h */,
				B8752EFE1B07FD55001D5D72 /* FMDatabase.m */,
				B8752EFF1B07FD55001D5D72 /* FMResultSet.h */,
				B8752F001B07FD55001D5D72 /* FMResultSet.m */,
			);
			name = "DB Helper";
			sourceTree = "<group>";
		};
		B878E8021B03F5D7006C804E = {
			isa = PBXGroup;
			children = (
				B80581F21BD52D7C00252C4B /* libsqlite3.0.tbd */,
				B878E8431B04230B006C804E /* QuartzCore.framework */,
				B878E83C1B041260006C804E /* MapKit.framework */,
				B878E8371B03FD10006C804E /* CoreLocation.framework */,
				B878E80D1B03F5D8006C804E /* GeoFencing */,
				B878E8271B03F5D8006C804E /* GeoFencingTests */,
				B878E80C1B03F5D8006C804E /* Products */,
			);
			sourceTree = "<group>";
		};
		B878E80C1B03F5D8006C804E /* Products */ = {
			isa = PBXGroup;
			children = (
				B878E80B1B03F5D8006C804E /* GeoFencing.app */,
				B878E8241B03F5D8006C804E /* GeoFencingTests.xctest */,
			);
			name = Products;
			sourceTree = "<group>";
		};
		B878E80D1B03F5D8006C804E /* GeoFencing */ = {
			isa = PBXGroup;
			children = (
				B878E8121B03F5D8006C804E /* AppDelegate.h */,
				B878E8131B03F5D8006C804E /* AppDelegate.m */,
				B8752F031B080C2D001D5D72 /* Tabs */,
				B8752F041B080C46001D5D72 /* DB Helper */,
				B878E8181B03F5D8006C804E /* Main.storyboard */,
				B878E81D1B03F5D8006C804E /* LaunchScreen.xib */,
				B878E81B1B03F5D8006C804E /* Images.xcassets */,
				B878E80E1B03F5D8006C804E /* Supporting Files */,
			);
			path = GeoFencing;
			sourceTree = "<group>";
		};
		B878E80E1B03F5D8006C804E /* Supporting Files */ = {
			isa = PBXGroup;
			children = (
				B8752F071B094D4F001D5D72 /* geo_icon.png */,
				B8752F091B094D89001D5D72 /* setup.png */,
				B8752F0B1B094DCD001D5D72 /* list_icon.png */,
				B878E84A1B052A98006C804E /* animatedCircle.h */,
				B878E84B1B052A98006C804E /* animatedCircle.m */,
				B878E8481B0529F4006C804E /* redCircle.png */,
				B878E80F1B03F5D8006C804E /* Info.plist */,
				B878E8101B03F5D8006C804E /* main.m */,
			);
			name = "Supporting Files";
			sourceTree = "<group>";
		};
		B878E8271B03F5D8006C804E /* GeoFencingTests */ = {
			isa = PBXGroup;
			children = (
				B878E82A1B03F5D8006C804E /* GeoFencingTests.m */,
				B878E8281B03F5D8006C804E /* Supporting Files */,
			);
			path = GeoFencingTests;
			sourceTree = "<group>";
		};
		B878E8281B03F5D8006C804E /* Supporting Files */ = {
			isa = PBXGroup;
			children = (
				B878E8291B03F5D8006C804E /* Info.plist */,
			);
			name = "Supporting Files";
			sourceTree = "<group>";
		};
/* End PBXGroup section */

/* Begin PBXNativeTarget section */
		B878E80A1B03F5D8006C804E /* GeoFencing */ = {
			isa = PBXNativeTarget;
			buildConfigurationList = B878E82E1B03F5D8006C804E /* Build configuration list for PBXNativeTarget "GeoFencing" */;
			buildPhases = (
				B878E8071B03F5D8006C804E /* Sources */,
				B878E8081B03F5D8006C804E /* Frameworks */,
				B878E8091B03F5D8006C804E /* Resources */,
			);
			buildRules = (
			);
			dependencies = (
			);
			name = GeoFencing;
			productName = GeoFencing;
			productReference = B878E80B1B03F5D8006C804E /* GeoFencing.app */;
			productType = "com.apple.product-type.application";
		};
		B878E8231B03F5D8006C804E /* GeoFencingTests */ = {
			isa = PBXNativeTarget;
			buildConfigurationList = B878E8311B03F5D8006C804E /* Build configuration list for PBXNativeTarget "GeoFencingTests" */;
			buildPhases = (
				B878E8201B03F5D8006C804E /* Sources */,
				B878E8211B03F5D8006C804E /* Frameworks */,
				B878E8221B03F5D8006C804E /* Resources */,
			);
			buildRules = (
			);
			dependencies = (
				B878E8261B03F5D8006C804E /* PBXTargetDependency */,
			);
			name = GeoFencingTests;
			productName = GeoFencingTests;
			productReference = B878E8241B03F5D8006C804E /* GeoFencingTests.xctest */;
			productType = "com.apple.product-type.bundle.unit-test";
		};
/* End PBXNativeTarget section */

/* Begin PBXProject section */
		B878E8031B03F5D8006C804E /* Project object */ = {
			isa = PBXProject;
			attributes = {
				LastUpgradeCheck = 0700;
				ORGANIZATIONNAME = "Venkata Maniteja";
				TargetAttributes = {
					B878E80A1B03F5D8006C804E = {
						CreatedOnToolsVersion = 6.3.1;
					};
					B878E8231B03F5D8006C804E = {
						CreatedOnToolsVersion = 6.3.1;
						TestTargetID = B878E80A1B03F5D8006C804E;
					};
				};
			};
			buildConfigurationList = B878E8061B03F5D8006C804E /* Build configuration list for PBXProject "GeoFencing" */;
			compatibilityVersion = "Xcode 3.2";
			developmentRegion = English;
			hasScannedForEncodings = 0;
			knownRegions = (
				en,
				Base,
			);
			mainGroup = B878E8021B03F5D7006C804E;
			productRefGroup = B878E80C1B03F5D8006C804E /* Products */;
			projectDirPath = "";
			projectRoot = "";
			targets = (
				B878E80A1B03F5D8006C804E /* GeoFencing */,
				B878E8231B03F5D8006C804E /* GeoFencingTests */,
			);
		};
/* End PBXProject section */

/* Begin PBXResourcesBuildPhase section */
		B878E8091B03F5D8006C804E /* Resources */ = {
			isa = PBXResourcesBuildPhase;
			buildActionMask = 2147483647;
			files = (
				B878E81A1B03F5D8006C804E /* Main.storyboard in Resources */,
				B8752F0C1B094DCD001D5D72 /* list_icon.png in Resources */,
				B8752F0A1B094D89001D5D72 /* setup.png in Resources */,
				B878E8491B0529F4006C804E /* redCircle.png in Resources */,
				B878E81F1B03F5D8006C804E /* LaunchScreen.xib in Resources */,
				B878E81C1B03F5D8006C804E /* Images.xcassets in Resources */,
				B8752F081B094D4F001D5D72 /* geo_icon.png in Resources */,
			);
			runOnlyForDeploymentPostprocessing = 0;
		};
		B878E8221B03F5D8006C804E /* Resources */ = {
			isa = PBXResourcesBuildPhase;
			buildActionMask = 2147483647;
			files = (
			);
			runOnlyForDeploymentPostprocessing = 0;
		};
/* End PBXResourcesBuildPhase section */

/* Begin PBXSourcesBuildPhase section */
		B878E8071B03F5D8006C804E /* Sources */ = {
			isa = PBXSourcesBuildPhase;
			buildActionMask = 2147483647;
			files = (
				B878E83B1B040CF6006C804E /* checkCoord.m in Sources */,
				B878E8141B03F5D8006C804E /* AppDelegate.m in Sources */,
				B878E8511B0547C4006C804E /* History.m in Sources */,
				B878E8361B03F784006C804E /* setCoordinate.m in Sources */,
				B878E84C1B052A98006C804E /* animatedCircle.m in Sources */,
				B8752F021B07FD55001D5D72 /* FMResultSet.m in Sources */,
				B878E8111B03F5D8006C804E /* main.m in Sources */,
				B8752F011B07FD55001D5D72 /* FMDatabase.m in Sources */,
			);
			runOnlyForDeploymentPostprocessing = 0;
		};
		B878E8201B03F5D8006C804E /* Sources */ = {
			isa = PBXSourcesBuildPhase;
			buildActionMask = 2147483647;
			files = (
				B878E82B1B03F5D8006C804E /* GeoFencingTests.m in Sources */,
			);
			runOnlyForDeploymentPostprocessing = 0;
		};
/* End PBXSourcesBuildPhase section */

/* Begin PBXTargetDependency section */
		B878E8261B03F5D8006C804E /* PBXTargetDependency */ = {
			isa = PBXTargetDependency;
			target = B878E80A1B03F5D8006C804E /* GeoFencing */;
			targetProxy = B878E8251B03F5D8006C804E /* PBXContainerItemProxy */;
		};
/* End PBXTargetDependency section */

/* Begin PBXVariantGroup section */
		B878E8181B03F5D8006C804E /* Main.storyboard */ = {
			isa = PBXVariantGroup;
			children = (
				B878E8191B03F5D8006C804E /* Base */,
			);
			name = Main.storyboard;
			sourceTree = "<group>";
		};
		B878E81D1B03F5D8006C804E /* LaunchScreen.xib */ = {
			isa = PBXVariantGroup;
			children = (
				B878E81E1B03F5D8006C804E /* Base */,
			);
			name = LaunchScreen.xib;
			sourceTree = "<group>";
		};
/* End PBXVariantGroup section */

/* Begin XCBuildConfiguration section */
		B878E82C1B03F5D8006C804E /* Debug */ = {
			isa = XCBuildConfiguration;
			buildSettings = {
				ALWAYS_SEARCH_USER_PATHS = NO;
				CLANG_CXX_LANGUAGE_STANDARD = "gnu++0x";
				CLANG_CXX_LIBRARY = "libc++";
				CLANG_ENABLE_MODULES = YES;
				CLANG_ENABLE_OBJC_ARC = YES;
				CLANG_WARN_BOOL_CONVERSION = YES;
				CLANG_WARN_CONSTANT_CONVERSION = YES;
				CLANG_WARN_DIRECT_OBJC_ISA_USAGE = YES_ERROR;
				CLANG_WARN_EMPTY_BODY = YES;
				CLANG_WARN_ENUM_CONVERSION = YES;
				CLANG_WARN_INT_CONVERSION = YES;
				CLANG_WARN_OBJC_ROOT_CLASS = YES_ERROR;
				CLANG_WARN_UNREACHABLE_CODE = YES;
				CLANG_WARN__DUPLICATE_METHOD_MATCH = YES;
				"CODE_SIGN_IDENTITY[sdk=iphoneos*]" = "iPhone Developer";
				COPY_PHASE_STRIP = NO;
				DEBUG_INFORMATION_FORMAT = "dwarf-with-dsym";
				ENABLE_STRICT_OBJC_MSGSEND = YES;
				ENABLE_TESTABILITY = YES;
				GCC_C_LANGUAGE_STANDARD = gnu99;
				GCC_DYNAMIC_NO_PIC = NO;
				GCC_NO_COMMON_BLOCKS = YES;
				GCC_OPTIMIZATION_LEVEL = 0;
				GCC_PREPROCESSOR_DEFINITIONS = (
					"DEBUG=1",
					"$(inherited)",
				);
				GCC_SYMBOLS_PRIVATE_EXTERN = NO;
				GCC_WARN_64_TO_32_BIT_CONVERSION = YES;
				GCC_WARN_ABOUT_RETURN_TYPE = YES_ERROR;
				GCC_WARN_UNDECLARED_SELECTOR = YES;
				GCC_WARN_UNINITIALIZED_AUTOS = YES_AGGRESSIVE;
				GCC_WARN_UNUSED_FUNCTION = YES;
				GCC_WARN_UNUSED_VARIABLE = YES;
				IPHONEOS_DEPLOYMENT_TARGET = 8.3;
				MTL_ENABLE_DEBUG_INFO = YES;
				ONLY_ACTIVE_ARCH = YES;
				SDKROOT = iphoneos;
			};
			name = Debug;
		};
		B878E82D1B03F5D8006C804E /* Release */ = {
			isa = XCBuildConfiguration;
			buildSettings = {
				ALWAYS_SEARCH_USER_PATHS = NO;
				CLANG_CXX_LANGUAGE_STANDARD = "gnu++0x";
				CLANG_CXX_LIBRARY = "libc++";
				CLANG_ENABLE_MODULES = YES;
				CLANG_ENABLE_OBJC_ARC = YES;
				CLANG_WARN_BOOL_CONVERSION = YES;
				CLANG_WARN_CONSTANT_CONVERSION = YES;
				CLANG_WARN_DIRECT_OBJC_ISA_USAGE = YES_ERROR;
				CLANG_WARN_EMPTY_BODY = YES;
				CLANG_WARN_ENUM_CONVERSION = YES;
				CLANG_WARN_INT_CONVERSION = YES;
				CLANG_WARN_OBJC_ROOT_CLASS = YES_ERROR;
				CLANG_WARN_UNREACHABLE_CODE = YES;
				CLANG_WARN__DUPLICATE_METHOD_MATCH = YES;
				"CODE_SIGN_IDENTITY[sdk=iphoneos*]" = "iPhone Developer";
				COPY_PHASE_STRIP = NO;
				DEBUG_INFORMATION_FORMAT = "dwarf-with-dsym";
				ENABLE_NS_ASSERTIONS = NO;
				ENABLE_STRICT_OBJC_MSGSEND = YES;
				GCC_C_LANGUAGE_STANDARD = gnu99;
				GCC_NO_COMMON_BLOCKS = YES;
				GCC_WARN_64_TO_32_BIT_CONVERSION = YES;
				GCC_WARN_ABOUT_RETURN_TYPE = YES_ERROR;
				GCC_WARN_UNDECLARED_SELECTOR = YES;
				GCC_WARN_UNINITIALIZED_AUTOS = YES_AGGRESSIVE;
				GCC_WARN_UNUSED_FUNCTION = YES;
				GCC_WARN_UNUSED_VARIABLE = YES;
				IPHONEOS_DEPLOYMENT_TARGET = 8.3;
				MTL_ENABLE_DEBUG_INFO = NO;
				SDKROOT = iphoneos;
				VALIDATE_PRODUCT = YES;
			};
			name = Release;
		};
		B878E82F1B03F5D8006C804E /* Debug */ = {
			isa = XCBuildConfiguration;
			buildSettings = {
				ASSETCATALOG_COMPILER_APPICON_NAME = AppIcon;
				ENABLE_BITCODE = NO;
				FRAMEWORK_SEARCH_PATHS = (
					"$(inherited)",
					"$(PROJECT_DIR)",
					/Users/VenkataManiteja/Documents/FacebookSDK,
				);
				INFOPLIST_FILE = GeoFencing/Info.plist;
				LD_RUNPATH_SEARCH_PATHS = "$(inherited) @executable_path/Frameworks";
				PRODUCT_BUNDLE_IDENTIFIER = "VenkataManiteja.$(PRODUCT_NAME:rfc1034identifier)";
				PRODUCT_NAME = "$(TARGET_NAME)";
			};
			name = Debug;
		};
		B878E8301B03F5D8006C804E /* Release */ = {
			isa = XCBuildConfiguration;
			buildSettings = {
				ASSETCATALOG_COMPILER_APPICON_NAME = AppIcon;
				ENABLE_BITCODE = NO;
				FRAMEWORK_SEARCH_PATHS = (
					"$(inherited)",
					"$(PROJECT_DIR)",
					/Users/VenkataManiteja/Documents/FacebookSDK,
				);
				INFOPLIST_FILE = GeoFencing/Info.plist;
				LD_RUNPATH_SEARCH_PATHS = "$(inherited) @executable_path/Frameworks";
				PRODUCT_BUNDLE_IDENTIFIER = "VenkataManiteja.$(PRODUCT_NAME:rfc1034identifier)";
				PRODUCT_NAME = "$(TARGET_NAME)";
			};
			name = Release;
		};
		B878E8321B03F5D8006C804E /* Debug */ = {
			isa = XCBuildConfiguration;
			buildSettings = {
				BUNDLE_LOADER = "$(TEST_HOST)";
				FRAMEWORK_SEARCH_PATHS = (
					"$(SDKROOT)/Developer/Library/Frameworks",
					"$(inherited)",
				);
				GCC_PREPROCESSOR_DEFINITIONS = (
					"DEBUG=1",
					"$(inherited)",
				);
				INFOPLIST_FILE = GeoFencingTests/Info.plist;
				LD_RUNPATH_SEARCH_PATHS = "$(inherited) @executable_path/Frameworks @loader_path/Frameworks";
				PRODUCT_BUNDLE_IDENTIFIER = "VenkataManiteja.$(PRODUCT_NAME:rfc1034identifier)";
				PRODUCT_NAME = "$(TARGET_NAME)";
				TEST_HOST = "$(BUILT_PRODUCTS_DIR)/GeoFencing.app/GeoFencing";
			};
			name = Debug;
		};
		B878E8331B03F5D8006C804E /* Release */ = {
			isa = XCBuildConfiguration;
			buildSettings = {
				BUNDLE_LOADER = "$(TEST_HOST)";
				FRAMEWORK_SEARCH_PATHS = (
					"$(SDKROOT)/Developer/Library/Frameworks",
					"$(inherited)",
				);
				INFOPLIST_FILE = GeoFencingTests/Info.plist;
				LD_RUNPATH_SEARCH_PATHS = "$(inherited) @executable_path/Frameworks @loader_path/Frameworks";
				PRODUCT_BUNDLE_IDENTIFIER = "VenkataManiteja.$(PRODUCT_NAME:rfc1034identifier)";
				PRODUCT_NAME = "$(TARGET_NAME)";
				TEST_HOST = "$(BUILT_PRODUCTS_DIR)/GeoFencing.app/GeoFencing";
			};
			name = Release;
		};
/* End XCBuildConfiguration section */

/* Begin XCConfigurationList section */
		B878E8061B03F5D8006C804E /* Build configuration list for PBXProject "GeoFencing" */ = {
			isa = XCConfigurationList;
			buildConfigurations = (
				B878E82C1B03F5D8006C804E /* Debug */,
				B878E82D1B03F5D8006C804E /* Release */,
			);
			defaultConfigurationIsVisible = 0;
			defaultConfigurationName = Release;
		};
		B878E82E1B03F5D8006C804E /* Build configuration list for PBXNativeTarget "GeoFencing" */ = {
			isa = XCConfigurationList;
			buildConfigurations = (
				B878E82F1B03F5D8006C804E /* Debug */,
				B878E8301B03F5D8006C804E /* Release */,
			);
			defaultConfigurationIsVisible = 0;
			defaultConfigurationName = Release;
		};
		B878E8311B03F5D8006C804E /* Build configuration list for PBXNativeTarget "GeoFencingTests" */ = {
			isa = XCConfigurationList;
			buildConfigurations = (
				B878E8321B03F5D8006C804E /* Debug */,
				B878E8331B03F5D8006C804E /* Release */,
			);
			defaultConfigurationIsVisible = 0;
			defaultConfigurationName = Release;
		};
/* End XCConfigurationList section */
	};
	rootObject = B878E8031B03F5D8006C804E /* Project object */;
}
